
Microsoft Visual Studio Solution File, Format Version 12.00
# Visual Studio 15
VisualStudioVersion = 15.0.28307.902
MinimumVisualStudioVersion = 10.0.40219.1
Project("{9A19103F-16F7-4668-BE54-9A1E7A4F7556}") = "Blog", "Blog\Blog.csproj", "{BFD2FEE1-9AB4-4BC9-B262-F8108FB04227}"
EndProject
Global
	GlobalSection(SolutionConfigurationPlatforms) = preSolution
		Debug|Any CPU = Debug|Any CPU
		Release|Any CPU = Release|Any CPU
	EndGlobalSection
	GlobalSection(ProjectConfigurationPlatforms) = postSolution
		{BFD2FEE1-9AB4-4BC9-B262-F8108FB04227}.Debug|Any CPU.ActiveCfg = Debug|Any CPU
		{BFD2FEE1-9AB4-4BC9-B262-F8108FB04227}.Debug|Any CPU.Build.0 = Debug|Any CPU
		{BFD2FEE1-9AB4-4BC9-B262-F8108FB04227}.Release|Any CPU.ActiveCfg = Release|Any CPU
		{BFD2FEE1-9AB4-4BC9-B262-F8108FB04227}.Release|Any CPU.Build.0 = Release|Any CPU
	EndGlobalSection
	GlobalSection(SolutionProperties) = preSolution
		HideSolutionNode = FALSE
	EndGlobalSection
	GlobalSection(ExtensibilityGlobals) = postSolution
		SolutionGuid = {CBA775C2-474C-4BA7-B904-EF04CBCF44CC}
	EndGlobalSection
EndGlobal
